
Microsoft Visual Studio Solution File, Format Version 12.00
# Visual Studio Version 17
VisualStudioVersion = 17.9.34723.18
MinimumVisualStudioVersion = 10.0.40219.1
Project("{FAE04EC0-301F-11D3-BF4B-00C04F79EFBC}") = "IbanCheck", "IbanCheck\IbanCheck.csproj", "{3E59D9C4-C824-43DA-893F-EFB20BC67B87}"
EndProject
Global
	GlobalSection(SolutionConfigurationPlatforms) = preSolution
		Debug|Any CPU = Debug|Any CPU
		Release|Any CPU = Release|Any CPU
	EndGlobalSection
	GlobalSection(ProjectConfigurationPlatforms) = postSolution
		{3E59D9C4-C824-43DA-893F-EFB20BC67B87}.Debug|Any CPU.ActiveCfg = Debug|Any CPU
		{3E59D9C4-C824-43DA-893F-EFB20BC67B87}.Debug|Any CPU.Build.0 = Debug|Any CPU
		{3E59D9C4-C824-43DA-893F-EFB20BC67B87}.Release|Any CPU.ActiveCfg = Release|Any CPU
		{3E59D9C4-C824-43DA-893F-EFB20BC67B87}.Release|Any CPU.Build.0 = Release|Any CPU
	EndGlobalSection
	GlobalSection(SolutionProperties) = preSolution
		HideSolutionNode = FALSE
	EndGlobalSection
	GlobalSection(ExtensibilityGlobals) = postSolution
		SolutionGuid = {B49F623B-8902-43A5-A06A-7863CAC238B3}
	EndGlobalSection
EndGlobal
